<?xml version="1.0" encoding="utf-8"?>
<Project ToolsVersion="4.0" xmlns="http://schemas.microsoft.com/developer/msbuild/2003">
  <ItemGroup>
    <Filter Include="Source Files">
      <UniqueIdentifier>{4FC737F1-C7A5-4376-A066-2A32D752A2FF}</UniqueIdentifier>
      <Extensions>cpp;c;cc;cxx;c++;cppm;ixx;def;odl;idl;hpj;bat;asm;asmx</Extensions>
    </Filter>
    <Filter Include="Header Files">
      <UniqueIdentifier>{93995380-89BD-4b04-88EB-625FBE52EBFB}</UniqueIdentifier>
      <Extensions>h;hh;hpp;hxx;h++;hm;inl;inc;ipp;xsd</Extensions>
    </Filter>
    <Filter Include="Resource Files">
      <UniqueIdentifier>{67DA6AB6-F800-4c08-8B7A-83BB121AAD01}</UniqueIdentifier>
      <Extensions>rc;ico;cur;bmp;dlg;rc2;rct;bin;rgs;gif;jpg;jpeg;jpe;resx;tiff;tif;png;wav;mfcribbon-ms</Extensions>
    </Filter>
    <Filter Include="Source Files\Interface">
      <UniqueIdentifier>{fcfe432b-ece6-40da-bcbc-a605b32117e0}</UniqueIdentifier>
    </Filter>
    <Filter Include="Header Files\interface">
      <UniqueIdentifier>{9ba3eefd-8ba1-4b98-bc6c-286e9ccb1e20}</UniqueIdentifier>
    </Filter>
    <Filter Include="Source Files\service">
      <UniqueIdentifier>{eb019c99-6824-47be-aca5-251170a22282}</UniqueIdentifier>
    </Filter>
  </ItemGroup>
  <ItemGroup>
    <ClInclude Include="framework.h">
      <Filter>Header Files</Filter>
    </ClInclude>
    <ClInclude Include="pch.h">
      <Filter>Header Files</Filter>
    </ClInclude>
    <ClInclude Include="CommunicationManager.h">
      <Filter>Header Files</Filter>
    </ClInclude>
    <ClInclude Include="LoggerManager.h">
      <Filter>Header Files</Filter>
    </ClInclude>
    <ClInclude Include="TraceManager.h">
      <Filter>Header Files</Filter>
    </ClInclude>
    <ClInclude Include="RUMManager.h">
      <Filter>Header Files</Filter>
    </ClInclude>
    <ClInclude Include="DataSyncManager.h">
      <Filter>Header Files</Filter>
    </ClInclude>
    <ClInclude Include="LineProtocol.h">
      <Filter>Header Files</Filter>
    </ClInclude>
    <ClInclude Include="LineProtocolBuilder.h">
      <Filter>Header Files</Filter>
    </ClInclude>
    <ClInclude Include="Include\FTSDKConfig.h">
      <Filter>Header Files\interface</Filter>
    </ClInclude>
    <ClInclude Include="Include\FTSDK.h">
      <Filter>Header Files\interface</Filter>
    </ClInclude>
    <ClInclude Include="Singleton.h">
      <Filter>Header Files</Filter>
    </ClInclude>
    <ClInclude Include="FTSDKConfigManager.h">
      <Filter>Header Files</Filter>
    </ClInclude>
    <ClInclude Include="Utils.h">
      <Filter>Header Files</Filter>
    </ClInclude>
    <ClInclude Include="TrackNodeImpl.h">
      <Filter>Header Files</Filter>
    </ClInclude>
    <ClInclude Include="TraceHeader.h">
      <Filter>Header Files</Filter>
    </ClInclude>
    <ClInclude Include="TraceIDGenerator.h">
      <Filter>Header Files</Filter>
    </ClInclude>
    <ClInclude Include="InternalStructs.h">
      <Filter>Header Files</Filter>
    </ClInclude>
    <ClInclude Include="Include\FTSDKDataContracts.h">
      <Filter>Header Files\interface</Filter>
    </ClInclude>
    <ClInclude Include="RumDataEntity.h">
      <Filter>Header Files</Filter>
    </ClInclude>
    <ClInclude Include="Include\FTSDKFactory.h">
      <Filter>Header Files\interface</Filter>
    </ClInclude>
    <ClInclude Include="CacheDBManager.h">
      <Filter>Header Files</Filter>
    </ClInclude>
    <ClInclude Include="Constants.h">
      <Filter>Header Files</Filter>
    </ClInclude>
    <ClInclude Include="LogPipeManager.h">
      <Filter>Header Files</Filter>
    </ClInclude>
    <ClInclude Include="Include\datakit_exports.h">
      <Filter>Header Files\interface</Filter>
    </ClInclude>
    <ClInclude Include="Platform.h">
      <Filter>Header Files</Filter>
    </ClInclude>
    <ClInclude Include="ConfigFileHandler.h">
      <Filter>Header Files</Filter>
    </ClInclude>
    <ClInclude Include="MonitorManager.h">
      <Filter>Header Files</Filter>
    </ClInclude>
    <ClInclude Include="LineDBManager.h">
      <Filter>Header Files</Filter>
    </ClInclude>
    <ClInclude Include="AbstractManager.h">
      <Filter>Header Files</Filter>
    </ClInclude>
    <ClInclude Include="InternalEnums.h">
      <Filter>Header Files</Filter>
    </ClInclude>
    <ClInclude Include="FTSDKConstants.h">
      <Filter>Header Files</Filter>
    </ClInclude>
    <ClInclude Include="FTSDKNode.h">
      <Filter>Header Files</Filter>
    </ClInclude>
    <ClInclude Include="FTSDKError.h">
      <Filter>Header Files</Filter>
    </ClInclude>
  </ItemGroup>
  <ItemGroup>
    <ClCompile Include="dllmain.cpp">
      <Filter>Source Files</Filter>
    </ClCompile>
    <ClCompile Include="pch.cpp">
      <Filter>Source Files</Filter>
    </ClCompile>
    <ClCompile Include="FTSDK.cpp">
      <Filter>Source Files</Filter>
    </ClCompile>
    <ClCompile Include="FTSDKConfigManager.cpp">
      <Filter>Source Files</Filter>
    </ClCompile>
    <ClCompile Include="CommunicationManager.cpp">
      <Filter>Source Files</Filter>
    </ClCompile>
    <ClCompile Include="LoggerManager.cpp">
      <Filter>Source Files</Filter>
    </ClCompile>
    <ClCompile Include="TraceManager.cpp">
      <Filter>Source Files</Filter>
    </ClCompile>
    <ClCompile Include="RUMManager.cpp">
      <Filter>Source Files</Filter>
    </ClCompile>
    <ClCompile Include="DataSyncManager.cpp">
      <Filter>Source Files</Filter>
    </ClCompile>
    <ClCompile Include="LineProtocolBuilder.cpp">
      <Filter>Source Files</Filter>
    </ClCompile>
    <ClCompile Include="LineProtocol.cpp">
      <Filter>Source Files</Filter>
    </ClCompile>
    <ClCompile Include="FTSDKFactory.cpp">
      <Filter>Source Files</Filter>
    </ClCompile>
    <ClCompile Include="FTSDKNode.cpp">
      <Filter>Source Files</Filter>
    </ClCompile>
    <ClCompile Include="TraceHeader.cpp">
      <Filter>Source Files</Filter>
    </ClCompile>
    <ClCompile Include="Utils.cpp">
      <Filter>Source Files</Filter>
    </ClCompile>
    <ClCompile Include="TraceIDGenerator.cpp">
      <Filter>Source Files</Filter>
    </ClCompile>
    <ClCompile Include="RumDataEntity.cpp">
      <Filter>Source Files</Filter>
    </ClCompile>
    <ClCompile Include="CacheDBManager.cpp">
      <Filter>Source Files</Filter>
    </ClCompile>
    <ClCompile Include="LogPipeManager.cpp">
      <Filter>Source Files</Filter>
    </ClCompile>
    <ClCompile Include="platform.cpp">
      <Filter>Source Files</Filter>
    </ClCompile>
    <ClCompile Include="ConfigFileHandler.cpp">
      <Filter>Source Files</Filter>
    </ClCompile>
    <ClCompile Include="MonitorManager.cpp">
      <Filter>Source Files</Filter>
    </ClCompile>
    <ClCompile Include="LineDBManager.cpp">
      <Filter>Source Files</Filter>
    </ClCompile>
    <ClCompile Include="InternalStructs.cpp">
      <Filter>Source Files</Filter>
    </ClCompile>
  </ItemGroup>
</Project>